# DANGER: EDIT AT YOUR OWN RISK. Track this file in version control so that others can sync files correctly.
- commit: 18b80daf7dc4f10a24c39f9ffb4be3914da491ea
  files:
  - config-only.yaml
  source: https://github.com/George-Ogden/remote-installer-test-data
- commit: 18b80daf7dc4f10a24c39f9ffb4be3914da491ea
  files: []
  source: https://github.com/George-Ogden/remote-installer-test-data
