# DANGER: EDIT AT YOUR OWN RISK. Track this file in version control so that others can sync files correctly.
- commit: 037701ed6c8c006055a52eb7a11ba0a41712fb68
  files:
  - .pre-commit-config.yaml
  source: https://github.com/George-Ogden/remote-installer-test-data
- commit: 16b7a530bdb27f05844f6874778605e2d1706273
  files:
  - LICENSE
  source: git@github.com:George-Ogden/mirror-rorrim-test-data.git
